
Microsoft Visual Studio Solution File, Format Version 12.00
# Visual Studio Version 17
VisualStudioVersion = 17.8.34322.80
MinimumVisualStudioVersion = 10.0.40219.1
Project("{FAE04EC0-301F-11D3-BF4B-00C04F79EFBC}") = "ConsoleAppAss2", "ConsoleAppAss2\ConsoleAppAss2.csproj", "{56040137-3F32-4043-8116-CEEB0248A7CB}"
EndProject
Project("{FAE04EC0-301F-11D3-BF4B-00C04F79EFBC}") = "ClassLibAss2", "ClassLibAss2\ClassLibAss2.csproj", "{ACB795AE-6C40-416A-8ED3-6503B7291931}"
EndProject
Global
	GlobalSection(SolutionConfigurationPlatforms) = preSolution
		Debug|Any CPU = Debug|Any CPU
		Release|Any CPU = Release|Any CPU
	EndGlobalSection
	GlobalSection(ProjectConfigurationPlatforms) = postSolution
		{56040137-3F32-4043-8116-CEEB0248A7CB}.Debug|Any CPU.ActiveCfg = Debug|Any CPU
		{56040137-3F32-4043-8116-CEEB0248A7CB}.Debug|Any CPU.Build.0 = Debug|Any CPU
		{56040137-3F32-4043-8116-CEEB0248A7CB}.Release|Any CPU.ActiveCfg = Release|Any CPU
		{56040137-3F32-4043-8116-CEEB0248A7CB}.Release|Any CPU.Build.0 = Release|Any CPU
		{ACB795AE-6C40-416A-8ED3-6503B7291931}.Debug|Any CPU.ActiveCfg = Debug|Any CPU
		{ACB795AE-6C40-416A-8ED3-6503B7291931}.Debug|Any CPU.Build.0 = Debug|Any CPU
		{ACB795AE-6C40-416A-8ED3-6503B7291931}.Release|Any CPU.ActiveCfg = Release|Any CPU
		{ACB795AE-6C40-416A-8ED3-6503B7291931}.Release|Any CPU.Build.0 = Release|Any CPU
	EndGlobalSection
	GlobalSection(SolutionProperties) = preSolution
		HideSolutionNode = FALSE
	EndGlobalSection
	GlobalSection(ExtensibilityGlobals) = postSolution
		SolutionGuid = {B0430F11-2955-4076-B0F2-A6843CFD5219}
	EndGlobalSection
EndGlobal
